
Microsoft Visual Studio Solution File, Format Version 12.00
# Visual Studio Version 16
VisualStudioVersion = 16.0.30413.136
MinimumVisualStudioVersion = 10.0.40219.1
Project("{FAE04EC0-301F-11D3-BF4B-00C04F79EFBC}") = "PrisonBreak", "PrisonBreak\PrisonBreak.csproj", "{B09650E7-6865-4F2E-BAC7-40316DFCEBBF}"
EndProject
Global
	GlobalSection(SolutionConfigurationPlatforms) = preSolution
		Debug|Any CPU = Debug|Any CPU
		Release|Any CPU = Release|Any CPU
	EndGlobalSection
	GlobalSection(ProjectConfigurationPlatforms) = postSolution
		{B09650E7-6865-4F2E-BAC7-40316DFCEBBF}.Debug|Any CPU.ActiveCfg = Debug|Any CPU
		{B09650E7-6865-4F2E-BAC7-40316DFCEBBF}.Debug|Any CPU.Build.0 = Debug|Any CPU
		{B09650E7-6865-4F2E-BAC7-40316DFCEBBF}.Release|Any CPU.ActiveCfg = Release|Any CPU
		{B09650E7-6865-4F2E-BAC7-40316DFCEBBF}.Release|Any CPU.Build.0 = Release|Any CPU
	EndGlobalSection
	GlobalSection(SolutionProperties) = preSolution
		HideSolutionNode = FALSE
	EndGlobalSection
	GlobalSection(ExtensibilityGlobals) = postSolution
		SolutionGuid = {20DF36D4-666B-4852-97D0-758D57D352CA}
	EndGlobalSection
EndGlobal
